
Microsoft Visual Studio Solution File, Format Version 12.00
# Visual Studio Version 17
VisualStudioVersion = 17.6.33829.357
MinimumVisualStudioVersion = 10.0.40219.1
Project("{FAE04EC0-301F-11D3-BF4B-00C04F79EFBC}") = "1.7", "1.7\1.7.csproj", "{A007AB14-B90F-4261-A47B-24C084A645EF}"
EndProject
Global
	GlobalSection(SolutionConfigurationPlatforms) = preSolution
		Debug|Any CPU = Debug|Any CPU
		Release|Any CPU = Release|Any CPU
	EndGlobalSection
	GlobalSection(ProjectConfigurationPlatforms) = postSolution
		{A007AB14-B90F-4261-A47B-24C084A645EF}.Debug|Any CPU.ActiveCfg = Debug|Any CPU
		{A007AB14-B90F-4261-A47B-24C084A645EF}.Debug|Any CPU.Build.0 = Debug|Any CPU
		{A007AB14-B90F-4261-A47B-24C084A645EF}.Release|Any CPU.ActiveCfg = Release|Any CPU
		{A007AB14-B90F-4261-A47B-24C084A645EF}.Release|Any CPU.Build.0 = Release|Any CPU
	EndGlobalSection
	GlobalSection(SolutionProperties) = preSolution
		HideSolutionNode = FALSE
	EndGlobalSection
	GlobalSection(ExtensibilityGlobals) = postSolution
		SolutionGuid = {ACD0A969-6BBA-408F-AB22-4E6D964A8819}
	EndGlobalSection
EndGlobal
